
Microsoft Visual Studio Solution File, Format Version 12.00
# Visual Studio 15
VisualStudioVersion = 15.0.26730.12
MinimumVisualStudioVersion = 10.0.40219.1
Project("{FAE04EC0-301F-11D3-BF4B-00C04F79EFBC}") = "Cipher", "Cipher\Cipher.csproj", "{A21F7A69-1581-4246-A410-5DD848D063CD}"
EndProject
Global
	GlobalSection(SolutionConfigurationPlatforms) = preSolution
		Debug|Any CPU = Debug|Any CPU
		Release|Any CPU = Release|Any CPU
	EndGlobalSection
	GlobalSection(ProjectConfigurationPlatforms) = postSolution
		{A21F7A69-1581-4246-A410-5DD848D063CD}.Debug|Any CPU.ActiveCfg = Debug|Any CPU
		{A21F7A69-1581-4246-A410-5DD848D063CD}.Debug|Any CPU.Build.0 = Debug|Any CPU
		{A21F7A69-1581-4246-A410-5DD848D063CD}.Release|Any CPU.ActiveCfg = Release|Any CPU
		{A21F7A69-1581-4246-A410-5DD848D063CD}.Release|Any CPU.Build.0 = Release|Any CPU
	EndGlobalSection
	GlobalSection(SolutionProperties) = preSolution
		HideSolutionNode = FALSE
	EndGlobalSection
	GlobalSection(ExtensibilityGlobals) = postSolution
		SolutionGuid = {60DD644A-355F-49AD-8DAB-3768D6C0679A}
	EndGlobalSection
EndGlobal
